github.com/gorilla/mux v1.8.0 h1:i40aqfkR1h2SlN9hojwV5ZA91wcXFOvkdNIeFDP5koI=
github.com/gorilla/mux v1.8.0/go.mod h1:DVbg23sWSpFRCP0SfiEN6jmj59UnW/n46BH5rLB71So=
github.com/malbrecht/chess v0.0.0-20190911134141-3465f589170a h1:rBi/ZFqgPqo3aPxj3y3ZbwED9ssvBhlla+nHCVc8KFk=
github.com/malbrecht/chess v0.0.0-20190911134141-3465f589170a/go.mod h1:M3dArO2gsCCqXeS5WcgCemKJEDmzOK+5y01UNH2nRHU=
